
Microsoft Visual Studio Solution File, Format Version 12.00
# Visual Studio Version 17
VisualStudioVersion = 17.11.35327.3
MinimumVisualStudioVersion = 10.0.40219.1
Project("{FAE04EC0-301F-11D3-BF4B-00C04F79EFBC}") = "academica", "academica\academica.csproj", "{5C194253-DFC8-4332-9B0B-730DCE9020C0}"
EndProject
Global
	GlobalSection(SolutionConfigurationPlatforms) = preSolution
		Debug|Any CPU = Debug|Any CPU
		Release|Any CPU = Release|Any CPU
	EndGlobalSection
	GlobalSection(ProjectConfigurationPlatforms) = postSolution
		{5C194253-DFC8-4332-9B0B-730DCE9020C0}.Debug|Any CPU.ActiveCfg = Debug|Any CPU
		{5C194253-DFC8-4332-9B0B-730DCE9020C0}.Debug|Any CPU.Build.0 = Debug|Any CPU
		{5C194253-DFC8-4332-9B0B-730DCE9020C0}.Release|Any CPU.ActiveCfg = Release|Any CPU
		{5C194253-DFC8-4332-9B0B-730DCE9020C0}.Release|Any CPU.Build.0 = Release|Any CPU
	EndGlobalSection
	GlobalSection(SolutionProperties) = preSolution
		HideSolutionNode = FALSE
	EndGlobalSection
	GlobalSection(ExtensibilityGlobals) = postSolution
		SolutionGuid = {11AAD63F-7DE7-4E30-BF48-2EF348F48BDF}
	EndGlobalSection
EndGlobal
